
Microsoft Visual Studio Solution File, Format Version 12.00
# Visual Studio 2012
Project("{FAE04EC0-301F-11D3-BF4B-00C04F79EFBC}") = "DefiningClassesIGSM", "DefiningClassesIGSM\DefiningClassesIGSM.csproj", "{1AAC97AC-1804-41D3-89BD-8C69D98568A9}"
EndProject
Global
	GlobalSection(SolutionConfigurationPlatforms) = preSolution
		Debug|Any CPU = Debug|Any CPU
		Release|Any CPU = Release|Any CPU
	EndGlobalSection
	GlobalSection(ProjectConfigurationPlatforms) = postSolution
		{1AAC97AC-1804-41D3-89BD-8C69D98568A9}.Debug|Any CPU.ActiveCfg = Debug|Any CPU
		{1AAC97AC-1804-41D3-89BD-8C69D98568A9}.Debug|Any CPU.Build.0 = Debug|Any CPU
		{1AAC97AC-1804-41D3-89BD-8C69D98568A9}.Release|Any CPU.ActiveCfg = Release|Any CPU
		{1AAC97AC-1804-41D3-89BD-8C69D98568A9}.Release|Any CPU.Build.0 = Release|Any CPU
	EndGlobalSection
	GlobalSection(SolutionProperties) = preSolution
		HideSolutionNode = FALSE
	EndGlobalSection
EndGlobal
